# This file is automatically @generated by Cargo.
# It is not intended for manual editing.
[[package]]
name = "gotemplate"
version = "0.1.0"
dependencies = [
 "json_str",
]

[[package]]
name = "json_str"
version = "0.5.2"
source = "registry+https://github.com/rust-lang/crates.io-index"
checksum = "f00783c490dd203c46fb31c88fe4f26bbd4192bd63d78b335f350b8868733367"
